{
  "name": "wjeffreys96.github.io",
  "lockfileVersion": 3,
  "requires": true,
  "packages": {
    "": {
      "dependencies": {
        "sass-migrator": "^2.6.1"
      }
    },
    "node_modules/sass-migrator": {
      "version": "2.6.1",
      "resolved": "https://registry.npmjs.org/sass-migrator/-/sass-migrator-2.6.1.tgz",
      "integrity": "sha512-o14NllEjH6XX94s+YE6yt3W6bVW0Ij6gn2q8CMm7v2/XbjAwQ8kbyerQD/hyPiSVecdgdUGoQAnDo6+2Ve9adg==",
      "license": "MIT",
      "bin": {
        "sass-migrator": "sass-migrator.js"
      },
      "engines": {
        "node": ">=10.12.0"
      }
    }
  }
}
